// !$*UTF8*$!
{
	archiveVersion = 1;
	classes = {
	};
	objectVersion = 50;
	objects = {

/* Begin PBXBuildFile section */
		24CC8840215C7560005E8CBF /* AppDelegate.swift in Sources */ = {isa = PBXBuildFile; fileRef = 24CC883F215C7560005E8CBF /* AppDelegate.swift */; };
		24CC8842215C7560005E8CBF /* ViewController.swift in Sources */ = {isa = PBXBuildFile; fileRef = 24CC8841215C7560005E8CBF /* ViewController.swift */; };
		24CC8845215C7560005E8CBF /* Main.storyboard in Resources */ = {isa = PBXBuildFile; fileRef = 24CC8843215C7560005E8CBF /* Main.storyboard */; };
		24CC8847215C7561005E8CBF /* Assets.xcassets in Resources */ = {isa = PBXBuildFile; fileRef = 24CC8846215C7561005E8CBF /* Assets.xcassets */; };
		24CC884A215C7561005E8CBF /* LaunchScreen.storyboard in Resources */ = {isa = PBXBuildFile; fileRef = 24CC8848215C7561005E8CBF /* LaunchScreen.storyboard */; };
		24CC8855215C7561005E8CBF /* JavaRepositoryTests.swift in Sources */ = {isa = PBXBuildFile; fileRef = 24CC8854215C7561005E8CBF /* JavaRepositoryTests.swift */; };
		24CC8860215C7561005E8CBF /* JavaRepositoryUITests.swift in Sources */ = {isa = PBXBuildFile; fileRef = 24CC885F215C7561005E8CBF /* JavaRepositoryUITests.swift */; };
		24CC8873215C79CA005E8CBF /* ServiceHelper.swift in Sources */ = {isa = PBXBuildFile; fileRef = 24CC8872215C79CA005E8CBF /* ServiceHelper.swift */; };
		24CC8878215C7A67005E8CBF /* AppConfig.plist in Resources */ = {isa = PBXBuildFile; fileRef = 24CC8877215C7A67005E8CBF /* AppConfig.plist */; };
		24CC887A215C7B3C005E8CBF /* AppConfig.swift in Sources */ = {isa = PBXBuildFile; fileRef = 24CC8879215C7B3C005E8CBF /* AppConfig.swift */; };
		24CC887C215C7C4A005E8CBF /* ServiceEndpoint.swift in Sources */ = {isa = PBXBuildFile; fileRef = 24CC887B215C7C4A005E8CBF /* ServiceEndpoint.swift */; };
		24CC887E215C7F87005E8CBF /* ServiceResponse.swift in Sources */ = {isa = PBXBuildFile; fileRef = 24CC887D215C7F87005E8CBF /* ServiceResponse.swift */; };
		24CC8880215C7FB7005E8CBF /* ServiceError.swift in Sources */ = {isa = PBXBuildFile; fileRef = 24CC887F215C7FB7005E8CBF /* ServiceError.swift */; };
		24CC8882215C7FC6005E8CBF /* CustomError.swift in Sources */ = {isa = PBXBuildFile; fileRef = 24CC8881215C7FC6005E8CBF /* CustomError.swift */; };
		24CC8884215C8055005E8CBF /* HttpStatusCode.swift in Sources */ = {isa = PBXBuildFile; fileRef = 24CC8883215C8055005E8CBF /* HttpStatusCode.swift */; };
		24CC888B215C8508005E8CBF /* Owner.swift in Sources */ = {isa = PBXBuildFile; fileRef = 24CC888A215C8508005E8CBF /* Owner.swift */; };
		24CC888D215C878B005E8CBF /* Repository.swift in Sources */ = {isa = PBXBuildFile; fileRef = 24CC888C215C878B005E8CBF /* Repository.swift */; };
		24CC888F215C87E2005E8CBF /* License.swift in Sources */ = {isa = PBXBuildFile; fileRef = 24CC888E215C87E2005E8CBF /* License.swift */; };
		24CC8891215C8B99005E8CBF /* RepositoryServiceProtocol.swift in Sources */ = {isa = PBXBuildFile; fileRef = 24CC8890215C8B99005E8CBF /* RepositoryServiceProtocol.swift */; };
		24CC8893215C8E40005E8CBF /* RepositoryService.swift in Sources */ = {isa = PBXBuildFile; fileRef = 24CC8892215C8E40005E8CBF /* RepositoryService.swift */; };
		24CC8896215C90FC005E8CBF /* RepositoryManager.swift in Sources */ = {isa = PBXBuildFile; fileRef = 24CC8895215C90FC005E8CBF /* RepositoryManager.swift */; };
		24CC8899215C95E5005E8CBF /* RepositoryResponseData.swift in Sources */ = {isa = PBXBuildFile; fileRef = 24CC8898215C95E5005E8CBF /* RepositoryResponseData.swift */; };
		8266502843A38868C29DBFD2 /* Pods_JavaRepository.framework in Frameworks */ = {isa = PBXBuildFile; fileRef = 3039CAF03816E03522F94025 /* Pods_JavaRepository.framework */; };
		E5E235A935070B4A204BE670 /* Pods_JavaRepositoryUITests.framework in Frameworks */ = {isa = PBXBuildFile; fileRef = 1CE6F105ADC8DF338B5A6139 /* Pods_JavaRepositoryUITests.framework */; };
		FBD05AC6D251B9274E0F0607 /* Pods_JavaRepositoryTests.framework in Frameworks */ = {isa = PBXBuildFile; fileRef = 2AAB7E69F66AEEE7B02CAAAB /* Pods_JavaRepositoryTests.framework */; };
/* End PBXBuildFile section */

/* Begin PBXContainerItemProxy section */
		24CC8851215C7561005E8CBF /* PBXContainerItemProxy */ = {
			isa = PBXContainerItemProxy;
			containerPortal = 24CC8834215C7560005E8CBF /* Project object */;
			proxyType = 1;
			remoteGlobalIDString = 24CC883B215C7560005E8CBF;
			remoteInfo = JavaRepository;
		};
		24CC885C215C7561005E8CBF /* PBXContainerItemProxy */ = {
			isa = PBXContainerItemProxy;
			containerPortal = 24CC8834215C7560005E8CBF /* Project object */;
			proxyType = 1;
			remoteGlobalIDString = 24CC883B215C7560005E8CBF;
			remoteInfo = JavaRepository;
		};
/* End PBXContainerItemProxy section */

/* Begin PBXFileReference section */
		1CA9FE42C0AA262B27D83875 /* Pods-JavaRepositoryUITests.debug.xcconfig */ = {isa = PBXFileReference; includeInIndex = 1; lastKnownFileType = text.xcconfig; name = "Pods-JavaRepositoryUITests.debug.xcconfig"; path = "Pods/Target Support Files/Pods-JavaRepositoryUITests/Pods-JavaRepositoryUITests.debug.xcconfig"; sourceTree = "<group>"; };
		1CE6F105ADC8DF338B5A6139 /* Pods_JavaRepositoryUITests.framework */ = {isa = PBXFileReference; explicitFileType = wrapper.framework; includeInIndex = 0; path = Pods_JavaRepositoryUITests.framework; sourceTree = BUILT_PRODUCTS_DIR; };
		24CC883C215C7560005E8CBF /* JavaRepository.app */ = {isa = PBXFileReference; explicitFileType = wrapper.application; includeInIndex = 0; path = JavaRepository.app; sourceTree = BUILT_PRODUCTS_DIR; };
		24CC883F215C7560005E8CBF /* AppDelegate.swift */ = {isa = PBXFileReference; lastKnownFileType = sourcecode.swift; path = AppDelegate.swift; sourceTree = "<group>"; };
		24CC8841215C7560005E8CBF /* ViewController.swift */ = {isa = PBXFileReference; lastKnownFileType = sourcecode.swift; path = ViewController.swift; sourceTree = "<group>"; };
		24CC8844215C7560005E8CBF /* Base */ = {isa = PBXFileReference; lastKnownFileType = file.storyboard; name = Base; path = Base.lproj/Main.storyboard; sourceTree = "<group>"; };
		24CC8846215C7561005E8CBF /* Assets.xcassets */ = {isa = PBXFileReference; lastKnownFileType = folder.assetcatalog; path = Assets.xcassets; sourceTree = "<group>"; };
		24CC8849215C7561005E8CBF /* Base */ = {isa = PBXFileReference; lastKnownFileType = file.storyboard; name = Base; path = Base.lproj/LaunchScreen.storyboard; sourceTree = "<group>"; };
		24CC884B215C7561005E8CBF /* Info.plist */ = {isa = PBXFileReference; lastKnownFileType = text.plist.xml; path = Info.plist; sourceTree = "<group>"; };
		24CC8850215C7561005E8CBF /* JavaRepositoryTests.xctest */ = {isa = PBXFileReference; explicitFileType = wrapper.cfbundle; includeInIndex = 0; path = JavaRepositoryTests.xctest; sourceTree = BUILT_PRODUCTS_DIR; };
		24CC8854215C7561005E8CBF /* JavaRepositoryTests.swift */ = {isa = PBXFileReference; lastKnownFileType = sourcecode.swift; path = JavaRepositoryTests.swift; sourceTree = "<group>"; };
		24CC8856215C7561005E8CBF /* Info.plist */ = {isa = PBXFileReference; lastKnownFileType = text.plist.xml; path = Info.plist; sourceTree = "<group>"; };
		24CC885B215C7561005E8CBF /* JavaRepositoryUITests.xctest */ = {isa = PBXFileReference; explicitFileType = wrapper.cfbundle; includeInIndex = 0; path = JavaRepositoryUITests.xctest; sourceTree = BUILT_PRODUCTS_DIR; };
		24CC885F215C7561005E8CBF /* JavaRepositoryUITests.swift */ = {isa = PBXFileReference; lastKnownFileType = sourcecode.swift; path = JavaRepositoryUITests.swift; sourceTree = "<group>"; };
		24CC8861215C7561005E8CBF /* Info.plist */ = {isa = PBXFileReference; lastKnownFileType = text.plist.xml; path = Info.plist; sourceTree = "<group>"; };
		24CC8872215C79CA005E8CBF /* ServiceHelper.swift */ = {isa = PBXFileReference; lastKnownFileType = sourcecode.swift; path = ServiceHelper.swift; sourceTree = "<group>"; };
		24CC8877215C7A67005E8CBF /* AppConfig.plist */ = {isa = PBXFileReference; lastKnownFileType = text.plist.xml; path = AppConfig.plist; sourceTree = "<group>"; };
		24CC8879215C7B3C005E8CBF /* AppConfig.swift */ = {isa = PBXFileReference; lastKnownFileType = sourcecode.swift; path = AppConfig.swift; sourceTree = "<group>"; };
		24CC887B215C7C4A005E8CBF /* ServiceEndpoint.swift */ = {isa = PBXFileReference; lastKnownFileType = sourcecode.swift; path = ServiceEndpoint.swift; sourceTree = "<group>"; };
		24CC887D215C7F87005E8CBF /* ServiceResponse.swift */ = {isa = PBXFileReference; lastKnownFileType = sourcecode.swift; path = ServiceResponse.swift; sourceTree = "<group>"; };
		24CC887F215C7FB7005E8CBF /* ServiceError.swift */ = {isa = PBXFileReference; lastKnownFileType = sourcecode.swift; path = ServiceError.swift; sourceTree = "<group>"; };
		24CC8881215C7FC6005E8CBF /* CustomError.swift */ = {isa = PBXFileReference; lastKnownFileType = sourcecode.swift; path = CustomError.swift; sourceTree = "<group>"; };
		24CC8883215C8055005E8CBF /* HttpStatusCode.swift */ = {isa = PBXFileReference; lastKnownFileType = sourcecode.swift; path = HttpStatusCode.swift; sourceTree = "<group>"; };
		24CC888A215C8508005E8CBF /* Owner.swift */ = {isa = PBXFileReference; lastKnownFileType = sourcecode.swift; path = Owner.swift; sourceTree = "<group>"; };
		24CC888C215C878B005E8CBF /* Repository.swift */ = {isa = PBXFileReference; lastKnownFileType = sourcecode.swift; path = Repository.swift; sourceTree = "<group>"; };
		24CC888E215C87E2005E8CBF /* License.swift */ = {isa = PBXFileReference; lastKnownFileType = sourcecode.swift; path = License.swift; sourceTree = "<group>"; };
		24CC8890215C8B99005E8CBF /* RepositoryServiceProtocol.swift */ = {isa = PBXFileReference; lastKnownFileType = sourcecode.swift; path = RepositoryServiceProtocol.swift; sourceTree = "<group>"; };
		24CC8892215C8E40005E8CBF /* RepositoryService.swift */ = {isa = PBXFileReference; lastKnownFileType = sourcecode.swift; path = RepositoryService.swift; sourceTree = "<group>"; };
		24CC8895215C90FC005E8CBF /* RepositoryManager.swift */ = {isa = PBXFileReference; lastKnownFileType = sourcecode.swift; path = RepositoryManager.swift; sourceTree = "<group>"; };
		24CC8898215C95E5005E8CBF /* RepositoryResponseData.swift */ = {isa = PBXFileReference; lastKnownFileType = sourcecode.swift; path = RepositoryResponseData.swift; sourceTree = "<group>"; };
		2AAB7E69F66AEEE7B02CAAAB /* Pods_JavaRepositoryTests.framework */ = {isa = PBXFileReference; explicitFileType = wrapper.framework; includeInIndex = 0; path = Pods_JavaRepositoryTests.framework; sourceTree = BUILT_PRODUCTS_DIR; };
		3039CAF03816E03522F94025 /* Pods_JavaRepository.framework */ = {isa = PBXFileReference; explicitFileType = wrapper.framework; includeInIndex = 0; path = Pods_JavaRepository.framework; sourceTree = BUILT_PRODUCTS_DIR; };
		494640B4D2D10BD1B814F765 /* Pods-JavaRepositoryTests.release.xcconfig */ = {isa = PBXFileReference; includeInIndex = 1; lastKnownFileType = text.xcconfig; name = "Pods-JavaRepositoryTests.release.xcconfig"; path = "Pods/Target Support Files/Pods-JavaRepositoryTests/Pods-JavaRepositoryTests.release.xcconfig"; sourceTree = "<group>"; };
		4EC3589FE2A680BE1A6389E0 /* Pods-JavaRepository.debug.xcconfig */ = {isa = PBXFileReference; includeInIndex = 1; lastKnownFileType = text.xcconfig; name = "Pods-JavaRepository.debug.xcconfig"; path = "Pods/Target Support Files/Pods-JavaRepository/Pods-JavaRepository.debug.xcconfig"; sourceTree = "<group>"; };
		C9FDF56A86014C8434DC31A8 /* Pods-JavaRepository.release.xcconfig */ = {isa = PBXFileReference; includeInIndex = 1; lastKnownFileType = text.xcconfig; name = "Pods-JavaRepository.release.xcconfig"; path = "Pods/Target Support Files/Pods-JavaRepository/Pods-JavaRepository.release.xcconfig"; sourceTree = "<group>"; };
		CFF2255E9FB0EAED5BCFDD3E /* Pods-JavaRepositoryUITests.release.xcconfig */ = {isa = PBXFileReference; includeInIndex = 1; lastKnownFileType = text.xcconfig; name = "Pods-JavaRepositoryUITests.release.xcconfig"; path = "Pods/Target Support Files/Pods-JavaRepositoryUITests/Pods-JavaRepositoryUITests.release.xcconfig"; sourceTree = "<group>"; };
		FFEAC7BF964E683033D2F754 /* Pods-JavaRepositoryTests.debug.xcconfig */ = {isa = PBXFileReference; includeInIndex = 1; lastKnownFileType = text.xcconfig; name = "Pods-JavaRepositoryTests.debug.xcconfig"; path = "Pods/Target Support Files/Pods-JavaRepositoryTests/Pods-JavaRepositoryTests.debug.xcconfig"; sourceTree = "<group>"; };
/* End PBXFileReference section */

/* Begin PBXFrameworksBuildPhase section */
		24CC8839215C7560005E8CBF /* Frameworks */ = {
			isa = PBXFrameworksBuildPhase;
			buildActionMask = 2147483647;
			files = (
				8266502843A38868C29DBFD2 /* Pods_JavaRepository.framework in Frameworks */,
			);
			runOnlyForDeploymentPostprocessing = 0;
		};
		24CC884D215C7561005E8CBF /* Frameworks */ = {
			isa = PBXFrameworksBuildPhase;
			buildActionMask = 2147483647;
			files = (
				FBD05AC6D251B9274E0F0607 /* Pods_JavaRepositoryTests.framework in Frameworks */,
			);
			runOnlyForDeploymentPostprocessing = 0;
		};
		24CC8858215C7561005E8CBF /* Frameworks */ = {
			isa = PBXFrameworksBuildPhase;
			buildActionMask = 2147483647;
			files = (
				E5E235A935070B4A204BE670 /* Pods_JavaRepositoryUITests.framework in Frameworks */,
			);
			runOnlyForDeploymentPostprocessing = 0;
		};
/* End PBXFrameworksBuildPhase section */

/* Begin PBXGroup section */
		24CC8833215C7560005E8CBF = {
			isa = PBXGroup;
			children = (
				24CC883E215C7560005E8CBF /* JavaRepository */,
				24CC8853215C7561005E8CBF /* JavaRepositoryTests */,
				24CC885E215C7561005E8CBF /* JavaRepositoryUITests */,
				24CC883D215C7560005E8CBF /* Products */,
				5DDD02E90810C991B0A81FD0 /* Pods */,
				90F39D8726C3FAEDABBF3283 /* Frameworks */,
			);
			sourceTree = "<group>";
		};
		24CC883D215C7560005E8CBF /* Products */ = {
			isa = PBXGroup;
			children = (
				24CC883C215C7560005E8CBF /* JavaRepository.app */,
				24CC8850215C7561005E8CBF /* JavaRepositoryTests.xctest */,
				24CC885B215C7561005E8CBF /* JavaRepositoryUITests.xctest */,
			);
			name = Products;
			sourceTree = "<group>";
		};
		24CC883E215C7560005E8CBF /* JavaRepository */ = {
			isa = PBXGroup;
			children = (
				24CC8874215C7A10005E8CBF /* Config */,
				24CC886E215C7956005E8CBF /* Model */,
				24CC8886215C843D005E8CBF /* View */,
				24CC8887215C8465005E8CBF /* Controller */,
				24CC8888215C847F005E8CBF /* Resources */,
				24CC884B215C7561005E8CBF /* Info.plist */,
			);
			path = JavaRepository;
			sourceTree = "<group>";
		};
		24CC8853215C7561005E8CBF /* JavaRepositoryTests */ = {
			isa = PBXGroup;
			children = (
				24CC8854215C7561005E8CBF /* JavaRepositoryTests.swift */,
				24CC8856215C7561005E8CBF /* Info.plist */,
			);
			path = JavaRepositoryTests;
			sourceTree = "<group>";
		};
		24CC885E215C7561005E8CBF /* JavaRepositoryUITests */ = {
			isa = PBXGroup;
			children = (
				24CC885F215C7561005E8CBF /* JavaRepositoryUITests.swift */,
				24CC8861215C7561005E8CBF /* Info.plist */,
			);
			path = JavaRepositoryUITests;
			sourceTree = "<group>";
		};
		24CC886E215C7956005E8CBF /* Model */ = {
			isa = PBXGroup;
			children = (
				24CC8894215C90D8005E8CBF /* Manager */,
				24CC8889215C84F7005E8CBF /* Data */,
				24CC886F215C7968005E8CBF /* Restful Services */,
			);
			path = Model;
			sourceTree = "<group>";
		};
		24CC886F215C7968005E8CBF /* Restful Services */ = {
			isa = PBXGroup;
			children = (
				24CC8885215C8395005E8CBF /* Service Helper */,
				24CC8870215C7998005E8CBF /* Protocols */,
				24CC8871215C79A9005E8CBF /* Services */,
			);
			path = "Restful Services";
			sourceTree = "<group>";
		};
		24CC8870215C7998005E8CBF /* Protocols */ = {
			isa = PBXGroup;
			children = (
				24CC8890215C8B99005E8CBF /* RepositoryServiceProtocol.swift */,
			);
			path = Protocols;
			sourceTree = "<group>";
		};
		24CC8871215C79A9005E8CBF /* Services */ = {
			isa = PBXGroup;
			children = (
				24CC8892215C8E40005E8CBF /* RepositoryService.swift */,
			);
			path = Services;
			sourceTree = "<group>";
		};
		24CC8874215C7A10005E8CBF /* Config */ = {
			isa = PBXGroup;
			children = (
				24CC883F215C7560005E8CBF /* AppDelegate.swift */,
				24CC8879215C7B3C005E8CBF /* AppConfig.swift */,
				24CC8877215C7A67005E8CBF /* AppConfig.plist */,
			);
			path = Config;
			sourceTree = "<group>";
		};
		24CC8885215C8395005E8CBF /* Service Helper */ = {
			isa = PBXGroup;
			children = (
				24CC8872215C79CA005E8CBF /* ServiceHelper.swift */,
				24CC887B215C7C4A005E8CBF /* ServiceEndpoint.swift */,
				24CC887D215C7F87005E8CBF /* ServiceResponse.swift */,
				24CC887F215C7FB7005E8CBF /* ServiceError.swift */,
				24CC8881215C7FC6005E8CBF /* CustomError.swift */,
				24CC8883215C8055005E8CBF /* HttpStatusCode.swift */,
			);
			path = "Service Helper";
			sourceTree = "<group>";
		};
		24CC8886215C843D005E8CBF /* View */ = {
			isa = PBXGroup;
			children = (
				24CC8843215C7560005E8CBF /* Main.storyboard */,
				24CC8848215C7561005E8CBF /* LaunchScreen.storyboard */,
			);
			path = View;
			sourceTree = "<group>";
		};
		24CC8887215C8465005E8CBF /* Controller */ = {
			isa = PBXGroup;
			children = (
				24CC8841215C7560005E8CBF /* ViewController.swift */,
			);
			path = Controller;
			sourceTree = "<group>";
		};
		24CC8888215C847F005E8CBF /* Resources */ = {
			isa = PBXGroup;
			children = (
				24CC8846215C7561005E8CBF /* Assets.xcassets */,
			);
			path = Resources;
			sourceTree = "<group>";
		};
		24CC8889215C84F7005E8CBF /* Data */ = {
			isa = PBXGroup;
			children = (
				24CC888A215C8508005E8CBF /* Owner.swift */,
				24CC888E215C87E2005E8CBF /* License.swift */,
				24CC888C215C878B005E8CBF /* Repository.swift */,
				24CC8897215C95CA005E8CBF /* Response */,
			);
			path = Data;
			sourceTree = "<group>";
		};
		24CC8894215C90D8005E8CBF /* Manager */ = {
			isa = PBXGroup;
			children = (
				24CC8895215C90FC005E8CBF /* RepositoryManager.swift */,
			);
			path = Manager;
			sourceTree = "<group>";
		};
		24CC8897215C95CA005E8CBF /* Response */ = {
			isa = PBXGroup;
			children = (
				24CC8898215C95E5005E8CBF /* RepositoryResponseData.swift */,
			);
			path = Response;
			sourceTree = "<group>";
		};
		5DDD02E90810C991B0A81FD0 /* Pods */ = {
			isa = PBXGroup;
			children = (
				4EC3589FE2A680BE1A6389E0 /* Pods-JavaRepository.debug.xcconfig */,
				C9FDF56A86014C8434DC31A8 /* Pods-JavaRepository.release.xcconfig */,
				FFEAC7BF964E683033D2F754 /* Pods-JavaRepositoryTests.debug.xcconfig */,
				494640B4D2D10BD1B814F765 /* Pods-JavaRepositoryTests.release.xcconfig */,
				1CA9FE42C0AA262B27D83875 /* Pods-JavaRepositoryUITests.debug.xcconfig */,
				CFF2255E9FB0EAED5BCFDD3E /* Pods-JavaRepositoryUITests.release.xcconfig */,
			);
			name = Pods;
			sourceTree = "<group>";
		};
		90F39D8726C3FAEDABBF3283 /* Frameworks */ = {
			isa = PBXGroup;
			children = (
				3039CAF03816E03522F94025 /* Pods_JavaRepository.framework */,
				2AAB7E69F66AEEE7B02CAAAB /* Pods_JavaRepositoryTests.framework */,
				1CE6F105ADC8DF338B5A6139 /* Pods_JavaRepositoryUITests.framework */,
			);
			name = Frameworks;
			sourceTree = "<group>";
		};
/* End PBXGroup section */

/* Begin PBXNativeTarget section */
		24CC883B215C7560005E8CBF /* JavaRepository */ = {
			isa = PBXNativeTarget;
			buildConfigurationList = 24CC8864215C7561005E8CBF /* Build configuration list for PBXNativeTarget "JavaRepository" */;
			buildPhases = (
				EDBC73D02BDA25F359F0DE3E /* [CP] Check Pods Manifest.lock */,
				24CC8838215C7560005E8CBF /* Sources */,
				24CC8839215C7560005E8CBF /* Frameworks */,
				24CC883A215C7560005E8CBF /* Resources */,
				169E3539DFD398722D3BFBAB /* [CP] Embed Pods Frameworks */,
			);
			buildRules = (
			);
			dependencies = (
			);
			name = JavaRepository;
			productName = JavaRepository;
			productReference = 24CC883C215C7560005E8CBF /* JavaRepository.app */;
			productType = "com.apple.product-type.application";
		};
		24CC884F215C7561005E8CBF /* JavaRepositoryTests */ = {
			isa = PBXNativeTarget;
			buildConfigurationList = 24CC8867215C7561005E8CBF /* Build configuration list for PBXNativeTarget "JavaRepositoryTests" */;
			buildPhases = (
				DC9C644931077037D2B11212 /* [CP] Check Pods Manifest.lock */,
				24CC884C215C7561005E8CBF /* Sources */,
				24CC884D215C7561005E8CBF /* Frameworks */,
				24CC884E215C7561005E8CBF /* Resources */,
			);
			buildRules = (
			);
			dependencies = (
				24CC8852215C7561005E8CBF /* PBXTargetDependency */,
			);
			name = JavaRepositoryTests;
			productName = JavaRepositoryTests;
			productReference = 24CC8850215C7561005E8CBF /* JavaRepositoryTests.xctest */;
			productType = "com.apple.product-type.bundle.unit-test";
		};
		24CC885A215C7561005E8CBF /* JavaRepositoryUITests */ = {
			isa = PBXNativeTarget;
			buildConfigurationList = 24CC886A215C7561005E8CBF /* Build configuration list for PBXNativeTarget "JavaRepositoryUITests" */;
			buildPhases = (
				301685FD949F3465615E163D /* [CP] Check Pods Manifest.lock */,
				24CC8857215C7561005E8CBF /* Sources */,
				24CC8858215C7561005E8CBF /* Frameworks */,
				24CC8859215C7561005E8CBF /* Resources */,
			);
			buildRules = (
			);
			dependencies = (
				24CC885D215C7561005E8CBF /* PBXTargetDependency */,
			);
			name = JavaRepositoryUITests;
			productName = JavaRepositoryUITests;
			productReference = 24CC885B215C7561005E8CBF /* JavaRepositoryUITests.xctest */;
			productType = "com.apple.product-type.bundle.ui-testing";
		};
/* End PBXNativeTarget section */

/* Begin PBXProject section */
		24CC8834215C7560005E8CBF /* Project object */ = {
			isa = PBXProject;
			attributes = {
				LastSwiftUpdateCheck = 0940;
				LastUpgradeCheck = 0940;
				ORGANIZATIONNAME = "Edilberto Ramos";
				TargetAttributes = {
					24CC883B215C7560005E8CBF = {
						CreatedOnToolsVersion = 9.4.1;
					};
					24CC884F215C7561005E8CBF = {
						CreatedOnToolsVersion = 9.4.1;
						TestTargetID = 24CC883B215C7560005E8CBF;
					};
					24CC885A215C7561005E8CBF = {
						CreatedOnToolsVersion = 9.4.1;
						TestTargetID = 24CC883B215C7560005E8CBF;
					};
				};
			};
			buildConfigurationList = 24CC8837215C7560005E8CBF /* Build configuration list for PBXProject "JavaRepository" */;
			compatibilityVersion = "Xcode 9.3";
			developmentRegion = en;
			hasScannedForEncodings = 0;
			knownRegions = (
				en,
				Base,
			);
			mainGroup = 24CC8833215C7560005E8CBF;
			productRefGroup = 24CC883D215C7560005E8CBF /* Products */;
			projectDirPath = "";
			projectRoot = "";
			targets = (
				24CC883B215C7560005E8CBF /* JavaRepository */,
				24CC884F215C7561005E8CBF /* JavaRepositoryTests */,
				24CC885A215C7561005E8CBF /* JavaRepositoryUITests */,
			);
		};
/* End PBXProject section */

/* Begin PBXResourcesBuildPhase section */
		24CC883A215C7560005E8CBF /* Resources */ = {
			isa = PBXResourcesBuildPhase;
			buildActionMask = 2147483647;
			files = (
				24CC8878215C7A67005E8CBF /* AppConfig.plist in Resources */,
				24CC884A215C7561005E8CBF /* LaunchScreen.storyboard in Resources */,
				24CC8847215C7561005E8CBF /* Assets.xcassets in Resources */,
				24CC8845215C7560005E8CBF /* Main.storyboard in Resources */,
			);
			runOnlyForDeploymentPostprocessing = 0;
		};
		24CC884E215C7561005E8CBF /* Resources */ = {
			isa = PBXResourcesBuildPhase;
			buildActionMask = 2147483647;
			files = (
			);
			runOnlyForDeploymentPostprocessing = 0;
		};
		24CC8859215C7561005E8CBF /* Resources */ = {
			isa = PBXResourcesBuildPhase;
			buildActionMask = 2147483647;
			files = (
			);
			runOnlyForDeploymentPostprocessing = 0;
		};
/* End PBXResourcesBuildPhase section */

/* Begin PBXShellScriptBuildPhase section */
		169E3539DFD398722D3BFBAB /* [CP] Embed Pods Frameworks */ = {
			isa = PBXShellScriptBuildPhase;
			buildActionMask = 2147483647;
			files = (
			);
			inputPaths = (
				"${SRCROOT}/Pods/Target Support Files/Pods-JavaRepository/Pods-JavaRepository-frameworks.sh",
				"${BUILT_PRODUCTS_DIR}/Alamofire/Alamofire.framework",
				"${BUILT_PRODUCTS_DIR}/ObjectMapper/ObjectMapper.framework",
				"${BUILT_PRODUCTS_DIR}/Realm/Realm.framework",
				"${BUILT_PRODUCTS_DIR}/RealmSwift/RealmSwift.framework",
			);
			name = "[CP] Embed Pods Frameworks";
			outputPaths = (
				"${TARGET_BUILD_DIR}/${FRAMEWORKS_FOLDER_PATH}/Alamofire.framework",
				"${TARGET_BUILD_DIR}/${FRAMEWORKS_FOLDER_PATH}/ObjectMapper.framework",
				"${TARGET_BUILD_DIR}/${FRAMEWORKS_FOLDER_PATH}/Realm.framework",
				"${TARGET_BUILD_DIR}/${FRAMEWORKS_FOLDER_PATH}/RealmSwift.framework",
			);
			runOnlyForDeploymentPostprocessing = 0;
			shellPath = /bin/sh;
			shellScript = "\"${SRCROOT}/Pods/Target Support Files/Pods-JavaRepository/Pods-JavaRepository-frameworks.sh\"\n";
			showEnvVarsInLog = 0;
		};
		301685FD949F3465615E163D /* [CP] Check Pods Manifest.lock */ = {
			isa = PBXShellScriptBuildPhase;
			buildActionMask = 2147483647;
			files = (
			);
			inputPaths = (
				"${PODS_PODFILE_DIR_PATH}/Podfile.lock",
				"${PODS_ROOT}/Manifest.lock",
			);
			name = "[CP] Check Pods Manifest.lock";
			outputPaths = (
				"$(DERIVED_FILE_DIR)/Pods-JavaRepositoryUITests-checkManifestLockResult.txt",
			);
			runOnlyForDeploymentPostprocessing = 0;
			shellPath = /bin/sh;
			shellScript = "diff \"${PODS_PODFILE_DIR_PATH}/Podfile.lock\" \"${PODS_ROOT}/Manifest.lock\" > /dev/null\nif [ $? != 0 ] ; then\n    # print error to STDERR\n    echo \"error: The sandbox is not in sync with the Podfile.lock. Run 'pod install' or update your CocoaPods installation.\" >&2\n    exit 1\nfi\n# This output is used by Xcode 'outputs' to avoid re-running this script phase.\necho \"SUCCESS\" > \"${SCRIPT_OUTPUT_FILE_0}\"\n";
			showEnvVarsInLog = 0;
		};
		DC9C644931077037D2B11212 /* [CP] Check Pods Manifest.lock */ = {
			isa = PBXShellScriptBuildPhase;
			buildActionMask = 2147483647;
			files = (
			);
			inputPaths = (
				"${PODS_PODFILE_DIR_PATH}/Podfile.lock",
				"${PODS_ROOT}/Manifest.lock",
			);
			name = "[CP] Check Pods Manifest.lock";
			outputPaths = (
				"$(DERIVED_FILE_DIR)/Pods-JavaRepositoryTests-checkManifestLockResult.txt",
			);
			runOnlyForDeploymentPostprocessing = 0;
			shellPath = /bin/sh;
			shellScript = "diff \"${PODS_PODFILE_DIR_PATH}/Podfile.lock\" \"${PODS_ROOT}/Manifest.lock\" > /dev/null\nif [ $? != 0 ] ; then\n    # print error to STDERR\n    echo \"error: The sandbox is not in sync with the Podfile.lock. Run 'pod install' or update your CocoaPods installation.\" >&2\n    exit 1\nfi\n# This output is used by Xcode 'outputs' to avoid re-running this script phase.\necho \"SUCCESS\" > \"${SCRIPT_OUTPUT_FILE_0}\"\n";
			showEnvVarsInLog = 0;
		};
		EDBC73D02BDA25F359F0DE3E /* [CP] Check Pods Manifest.lock */ = {
			isa = PBXShellScriptBuildPhase;
			buildActionMask = 2147483647;
			files = (
			);
			inputPaths = (
				"${PODS_PODFILE_DIR_PATH}/Podfile.lock",
				"${PODS_ROOT}/Manifest.lock",
			);
			name = "[CP] Check Pods Manifest.lock";
			outputPaths = (
				"$(DERIVED_FILE_DIR)/Pods-JavaRepository-checkManifestLockResult.txt",
			);
			runOnlyForDeploymentPostprocessing = 0;
			shellPath = /bin/sh;
			shellScript = "diff \"${PODS_PODFILE_DIR_PATH}/Podfile.lock\" \"${PODS_ROOT}/Manifest.lock\" > /dev/null\nif [ $? != 0 ] ; then\n    # print error to STDERR\n    echo \"error: The sandbox is not in sync with the Podfile.lock. Run 'pod install' or update your CocoaPods installation.\" >&2\n    exit 1\nfi\n# This output is used by Xcode 'outputs' to avoid re-running this script phase.\necho \"SUCCESS\" > \"${SCRIPT_OUTPUT_FILE_0}\"\n";
			showEnvVarsInLog = 0;
		};
/* End PBXShellScriptBuildPhase section */

/* Begin PBXSourcesBuildPhase section */
		24CC8838215C7560005E8CBF /* Sources */ = {
			isa = PBXSourcesBuildPhase;
			buildActionMask = 2147483647;
			files = (
				24CC8899215C95E5005E8CBF /* RepositoryResponseData.swift in Sources */,
				24CC8882215C7FC6005E8CBF /* CustomError.swift in Sources */,
				24CC887E215C7F87005E8CBF /* ServiceResponse.swift in Sources */,
				24CC8891215C8B99005E8CBF /* RepositoryServiceProtocol.swift in Sources */,
				24CC8842215C7560005E8CBF /* ViewController.swift in Sources */,
				24CC888B215C8508005E8CBF /* Owner.swift in Sources */,
				24CC887A215C7B3C005E8CBF /* AppConfig.swift in Sources */,
				24CC888D215C878B005E8CBF /* Repository.swift in Sources */,
				24CC887C215C7C4A005E8CBF /* ServiceEndpoint.swift in Sources */,
				24CC8840215C7560005E8CBF /* AppDelegate.swift in Sources */,
				24CC8896215C90FC005E8CBF /* RepositoryManager.swift in Sources */,
				24CC8880215C7FB7005E8CBF /* ServiceError.swift in Sources */,
				24CC8884215C8055005E8CBF /* HttpStatusCode.swift in Sources */,
				24CC8873215C79CA005E8CBF /* ServiceHelper.swift in Sources */,
				24CC888F215C87E2005E8CBF /* License.swift in Sources */,
				24CC8893215C8E40005E8CBF /* RepositoryService.swift in Sources */,
			);
			runOnlyForDeploymentPostprocessing = 0;
		};
		24CC884C215C7561005E8CBF /* Sources */ = {
			isa = PBXSourcesBuildPhase;
			buildActionMask = 2147483647;
			files = (
				24CC8855215C7561005E8CBF /* JavaRepositoryTests.swift in Sources */,
			);
			runOnlyForDeploymentPostprocessing = 0;
		};
		24CC8857215C7561005E8CBF /* Sources */ = {
			isa = PBXSourcesBuildPhase;
			buildActionMask = 2147483647;
			files = (
				24CC8860215C7561005E8CBF /* JavaRepositoryUITests.swift in Sources */,
			);
			runOnlyForDeploymentPostprocessing = 0;
		};
/* End PBXSourcesBuildPhase section */

/* Begin PBXTargetDependency section */
		24CC8852215C7561005E8CBF /* PBXTargetDependency */ = {
			isa = PBXTargetDependency;
			target = 24CC883B215C7560005E8CBF /* JavaRepository */;
			targetProxy = 24CC8851215C7561005E8CBF /* PBXContainerItemProxy */;
		};
		24CC885D215C7561005E8CBF /* PBXTargetDependency */ = {
			isa = PBXTargetDependency;
			target = 24CC883B215C7560005E8CBF /* JavaRepository */;
			targetProxy = 24CC885C215C7561005E8CBF /* PBXContainerItemProxy */;
		};
/* End PBXTargetDependency section */

/* Begin PBXVariantGroup section */
		24CC8843215C7560005E8CBF /* Main.storyboard */ = {
			isa = PBXVariantGroup;
			children = (
				24CC8844215C7560005E8CBF /* Base */,
			);
			name = Main.storyboard;
			sourceTree = "<group>";
		};
		24CC8848215C7561005E8CBF /* LaunchScreen.storyboard */ = {
			isa = PBXVariantGroup;
			children = (
				24CC8849215C7561005E8CBF /* Base */,
			);
			name = LaunchScreen.storyboard;
			sourceTree = "<group>";
		};
/* End PBXVariantGroup section */

/* Begin XCBuildConfiguration section */
		24CC8862215C7561005E8CBF /* Debug */ = {
			isa = XCBuildConfiguration;
			buildSettings = {
				ALWAYS_SEARCH_USER_PATHS = NO;
				CLANG_ANALYZER_NONNULL = YES;
				CLANG_ANALYZER_NUMBER_OBJECT_CONVERSION = YES_AGGRESSIVE;
				CLANG_CXX_LANGUAGE_STANDARD = "gnu++14";
				CLANG_CXX_LIBRARY = "libc++";
				CLANG_ENABLE_MODULES = YES;
				CLANG_ENABLE_OBJC_ARC = YES;
				CLANG_ENABLE_OBJC_WEAK = YES;
				CLANG_WARN_BLOCK_CAPTURE_AUTORELEASING = YES;
				CLANG_WARN_BOOL_CONVERSION = YES;
				CLANG_WARN_COMMA = YES;
				CLANG_WARN_CONSTANT_CONVERSION = YES;
				CLANG_WARN_DEPRECATED_OBJC_IMPLEMENTATIONS = YES;
				CLANG_WARN_DIRECT_OBJC_ISA_USAGE = YES_ERROR;
				CLANG_WARN_DOCUMENTATION_COMMENTS = YES;
				CLANG_WARN_EMPTY_BODY = YES;
				CLANG_WARN_ENUM_CONVERSION = YES;
				CLANG_WARN_INFINITE_RECURSION = YES;
				CLANG_WARN_INT_CONVERSION = YES;
				CLANG_WARN_NON_LITERAL_NULL_CONVERSION = YES;
				CLANG_WARN_OBJC_IMPLICIT_RETAIN_SELF = YES;
				CLANG_WARN_OBJC_LITERAL_CONVERSION = YES;
				CLANG_WARN_OBJC_ROOT_CLASS = YES_ERROR;
				CLANG_WARN_RANGE_LOOP_ANALYSIS = YES;
				CLANG_WARN_STRICT_PROTOTYPES = YES;
				CLANG_WARN_SUSPICIOUS_MOVE = YES;
				CLANG_WARN_UNGUARDED_AVAILABILITY = YES_AGGRESSIVE;
				CLANG_WARN_UNREACHABLE_CODE = YES;
				CLANG_WARN__DUPLICATE_METHOD_MATCH = YES;
				CODE_SIGN_IDENTITY = "iPhone Developer";
				COPY_PHASE_STRIP = NO;
				DEBUG_INFORMATION_FORMAT = dwarf;
				ENABLE_STRICT_OBJC_MSGSEND = YES;
				ENABLE_TESTABILITY = YES;
				GCC_C_LANGUAGE_STANDARD = gnu11;
				GCC_DYNAMIC_NO_PIC = NO;
				GCC_NO_COMMON_BLOCKS = YES;
				GCC_OPTIMIZATION_LEVEL = 0;
				GCC_PREPROCESSOR_DEFINITIONS = (
					"DEBUG=1",
					"$(inherited)",
				);
				GCC_WARN_64_TO_32_BIT_CONVERSION = YES;
				GCC_WARN_ABOUT_RETURN_TYPE = YES_ERROR;
				GCC_WARN_UNDECLARED_SELECTOR = YES;
				GCC_WARN_UNINITIALIZED_AUTOS = YES_AGGRESSIVE;
				GCC_WARN_UNUSED_FUNCTION = YES;
				GCC_WARN_UNUSED_VARIABLE = YES;
				IPHONEOS_DEPLOYMENT_TARGET = 11.4;
				MTL_ENABLE_DEBUG_INFO = YES;
				ONLY_ACTIVE_ARCH = YES;
				SDKROOT = iphoneos;
				SWIFT_ACTIVE_COMPILATION_CONDITIONS = DEBUG;
				SWIFT_OPTIMIZATION_LEVEL = "-Onone";
			};
			name = Debug;
		};
		24CC8863215C7561005E8CBF /* Release */ = {
			isa = XCBuildConfiguration;
			buildSettings = {
				ALWAYS_SEARCH_USER_PATHS = NO;
				CLANG_ANALYZER_NONNULL = YES;
				CLANG_ANALYZER_NUMBER_OBJECT_CONVERSION = YES_AGGRESSIVE;
				CLANG_CXX_LANGUAGE_STANDARD = "gnu++14";
				CLANG_CXX_LIBRARY = "libc++";
				CLANG_ENABLE_MODULES = YES;
				CLANG_ENABLE_OBJC_ARC = YES;
				CLANG_ENABLE_OBJC_WEAK = YES;
				CLANG_WARN_BLOCK_CAPTURE_AUTORELEASING = YES;
				CLANG_WARN_BOOL_CONVERSION = YES;
				CLANG_WARN_COMMA = YES;
				CLANG_WARN_CONSTANT_CONVERSION = YES;
				CLANG_WARN_DEPRECATED_OBJC_IMPLEMENTATIONS = YES;
				CLANG_WARN_DIRECT_OBJC_ISA_USAGE = YES_ERROR;
				CLANG_WARN_DOCUMENTATION_COMMENTS = YES;
				CLANG_WARN_EMPTY_BODY = YES;
				CLANG_WARN_ENUM_CONVERSION = YES;
				CLANG_WARN_INFINITE_RECURSION = YES;
				CLANG_WARN_INT_CONVERSION = YES;
				CLANG_WARN_NON_LITERAL_NULL_CONVERSION = YES;
				CLANG_WARN_OBJC_IMPLICIT_RETAIN_SELF = YES;
				CLANG_WARN_OBJC_LITERAL_CONVERSION = YES;
				CLANG_WARN_OBJC_ROOT_CLASS = YES_ERROR;
				CLANG_WARN_RANGE_LOOP_ANALYSIS = YES;
				CLANG_WARN_STRICT_PROTOTYPES = YES;
				CLANG_WARN_SUSPICIOUS_MOVE = YES;
				CLANG_WARN_UNGUARDED_AVAILABILITY = YES_AGGRESSIVE;
				CLANG_WARN_UNREACHABLE_CODE = YES;
				CLANG_WARN__DUPLICATE_METHOD_MATCH = YES;
				CODE_SIGN_IDENTITY = "iPhone Developer";
				COPY_PHASE_STRIP = NO;
				DEBUG_INFORMATION_FORMAT = "dwarf-with-dsym";
				ENABLE_NS_ASSERTIONS = NO;
				ENABLE_STRICT_OBJC_MSGSEND = YES;
				GCC_C_LANGUAGE_STANDARD = gnu11;
				GCC_NO_COMMON_BLOCKS = YES;
				GCC_WARN_64_TO_32_BIT_CONVERSION = YES;
				GCC_WARN_ABOUT_RETURN_TYPE = YES_ERROR;
				GCC_WARN_UNDECLARED_SELECTOR = YES;
				GCC_WARN_UNINITIALIZED_AUTOS = YES_AGGRESSIVE;
				GCC_WARN_UNUSED_FUNCTION = YES;
				GCC_WARN_UNUSED_VARIABLE = YES;
				IPHONEOS_DEPLOYMENT_TARGET = 11.4;
				MTL_ENABLE_DEBUG_INFO = NO;
				SDKROOT = iphoneos;
				SWIFT_COMPILATION_MODE = wholemodule;
				SWIFT_OPTIMIZATION_LEVEL = "-O";
				VALIDATE_PRODUCT = YES;
			};
			name = Release;
		};
		24CC8865215C7561005E8CBF /* Debug */ = {
			isa = XCBuildConfiguration;
			baseConfigurationReference = 4EC3589FE2A680BE1A6389E0 /* Pods-JavaRepository.debug.xcconfig */;
			buildSettings = {
				ASSETCATALOG_COMPILER_APPICON_NAME = AppIcon;
				CODE_SIGN_STYLE = Automatic;
				INFOPLIST_FILE = JavaRepository/Info.plist;
				LD_RUNPATH_SEARCH_PATHS = (
					"$(inherited)",
					"@executable_path/Frameworks",
				);
				PRODUCT_BUNDLE_IDENTIFIER = br.com.laviniense.JavaRepository;
				PRODUCT_NAME = "$(TARGET_NAME)";
				SWIFT_VERSION = 4.0;
				TARGETED_DEVICE_FAMILY = "1,2";
			};
			name = Debug;
		};
		24CC8866215C7561005E8CBF /* Release */ = {
			isa = XCBuildConfiguration;
			baseConfigurationReference = C9FDF56A86014C8434DC31A8 /* Pods-JavaRepository.release.xcconfig */;
			buildSettings = {
				ASSETCATALOG_COMPILER_APPICON_NAME = AppIcon;
				CODE_SIGN_STYLE = Automatic;
				INFOPLIST_FILE = JavaRepository/Info.plist;
				LD_RUNPATH_SEARCH_PATHS = (
					"$(inherited)",
					"@executable_path/Frameworks",
				);
				PRODUCT_BUNDLE_IDENTIFIER = br.com.laviniense.JavaRepository;
				PRODUCT_NAME = "$(TARGET_NAME)";
				SWIFT_VERSION = 4.0;
				TARGETED_DEVICE_FAMILY = "1,2";
			};
			name = Release;
		};
		24CC8868215C7561005E8CBF /* Debug */ = {
			isa = XCBuildConfiguration;
			baseConfigurationReference = FFEAC7BF964E683033D2F754 /* Pods-JavaRepositoryTests.debug.xcconfig */;
			buildSettings = {
				ALWAYS_EMBED_SWIFT_STANDARD_LIBRARIES = YES;
				BUNDLE_LOADER = "$(TEST_HOST)";
				CODE_SIGN_STYLE = Automatic;
				INFOPLIST_FILE = JavaRepositoryTests/Info.plist;
				LD_RUNPATH_SEARCH_PATHS = (
					"$(inherited)",
					"@executable_path/Frameworks",
					"@loader_path/Frameworks",
				);
				PRODUCT_BUNDLE_IDENTIFIER = br.com.laviniense.JavaRepositoryTests;
				PRODUCT_NAME = "$(TARGET_NAME)";
				SWIFT_VERSION = 4.0;
				TARGETED_DEVICE_FAMILY = "1,2";
				TEST_HOST = "$(BUILT_PRODUCTS_DIR)/JavaRepository.app/JavaRepository";
			};
			name = Debug;
		};
		24CC8869215C7561005E8CBF /* Release */ = {
			isa = XCBuildConfiguration;
			baseConfigurationReference = 494640B4D2D10BD1B814F765 /* Pods-JavaRepositoryTests.release.xcconfig */;
			buildSettings = {
				ALWAYS_EMBED_SWIFT_STANDARD_LIBRARIES = YES;
				BUNDLE_LOADER = "$(TEST_HOST)";
				CODE_SIGN_STYLE = Automatic;
				INFOPLIST_FILE = JavaRepositoryTests/Info.plist;
				LD_RUNPATH_SEARCH_PATHS = (
					"$(inherited)",
					"@executable_path/Frameworks",
					"@loader_path/Frameworks",
				);
				PRODUCT_BUNDLE_IDENTIFIER = br.com.laviniense.JavaRepositoryTests;
				PRODUCT_NAME = "$(TARGET_NAME)";
				SWIFT_VERSION = 4.0;
				TARGETED_DEVICE_FAMILY = "1,2";
				TEST_HOST = "$(BUILT_PRODUCTS_DIR)/JavaRepository.app/JavaRepository";
			};
			name = Release;
		};
		24CC886B215C7561005E8CBF /* Debug */ = {
			isa = XCBuildConfiguration;
			baseConfigurationReference = 1CA9FE42C0AA262B27D83875 /* Pods-JavaRepositoryUITests.debug.xcconfig */;
			buildSettings = {
				ALWAYS_EMBED_SWIFT_STANDARD_LIBRARIES = YES;
				CODE_SIGN_STYLE = Automatic;
				INFOPLIST_FILE = JavaRepositoryUITests/Info.plist;
				LD_RUNPATH_SEARCH_PATHS = (
					"$(inherited)",
					"@executable_path/Frameworks",
					"@loader_path/Frameworks",
				);
				PRODUCT_BUNDLE_IDENTIFIER = br.com.laviniense.JavaRepositoryUITests;
				PRODUCT_NAME = "$(TARGET_NAME)";
				SWIFT_VERSION = 4.0;
				TARGETED_DEVICE_FAMILY = "1,2";
				TEST_TARGET_NAME = JavaRepository;
			};
			name = Debug;
		};
		24CC886C215C7561005E8CBF /* Release */ = {
			isa = XCBuildConfiguration;
			baseConfigurationReference = CFF2255E9FB0EAED5BCFDD3E /* Pods-JavaRepositoryUITests.release.xcconfig */;
			buildSettings = {
				ALWAYS_EMBED_SWIFT_STANDARD_LIBRARIES = YES;
				CODE_SIGN_STYLE = Automatic;
				INFOPLIST_FILE = JavaRepositoryUITests/Info.plist;
				LD_RUNPATH_SEARCH_PATHS = (
					"$(inherited)",
					"@executable_path/Frameworks",
					"@loader_path/Frameworks",
				);
				PRODUCT_BUNDLE_IDENTIFIER = br.com.laviniense.JavaRepositoryUITests;
				PRODUCT_NAME = "$(TARGET_NAME)";
				SWIFT_VERSION = 4.0;
				TARGETED_DEVICE_FAMILY = "1,2";
				TEST_TARGET_NAME = JavaRepository;
			};
			name = Release;
		};
/* End XCBuildConfiguration section */

/* Begin XCConfigurationList section */
		24CC8837215C7560005E8CBF /* Build configuration list for PBXProject "JavaRepository" */ = {
			isa = XCConfigurationList;
			buildConfigurations = (
				24CC8862215C7561005E8CBF /* Debug */,
				24CC8863215C7561005E8CBF /* Release */,
			);
			defaultConfigurationIsVisible = 0;
			defaultConfigurationName = Release;
		};
		24CC8864215C7561005E8CBF /* Build configuration list for PBXNativeTarget "JavaRepository" */ = {
			isa = XCConfigurationList;
			buildConfigurations = (
				24CC8865215C7561005E8CBF /* Debug */,
				24CC8866215C7561005E8CBF /* Release */,
			);
			defaultConfigurationIsVisible = 0;
			defaultConfigurationName = Release;
		};
		24CC8867215C7561005E8CBF /* Build configuration list for PBXNativeTarget "JavaRepositoryTests" */ = {
			isa = XCConfigurationList;
			buildConfigurations = (
				24CC8868215C7561005E8CBF /* Debug */,
				24CC8869215C7561005E8CBF /* Release */,
			);
			defaultConfigurationIsVisible = 0;
			defaultConfigurationName = Release;
		};
		24CC886A215C7561005E8CBF /* Build configuration list for PBXNativeTarget "JavaRepositoryUITests" */ = {
			isa = XCConfigurationList;
			buildConfigurations = (
				24CC886B215C7561005E8CBF /* Debug */,
				24CC886C215C7561005E8CBF /* Release */,
			);
			defaultConfigurationIsVisible = 0;
			defaultConfigurationName = Release;
		};
/* End XCConfigurationList section */
	};
	rootObject = 24CC8834215C7560005E8CBF /* Project object */;
}
